// !$*UTF8*$!
{
	archiveVersion = 1;
	classes = {
	};
	objectVersion = 50;
	objects = {

/* Begin PBXBuildFile section */
		13BC017226A31CB800660205 /* AppDelegate.swift in Sources */ = {isa = PBXBuildFile; fileRef = 13BC017126A31CB800660205 /* AppDelegate.swift */; };
		13BC017426A31CB800660205 /* SceneDelegate.swift in Sources */ = {isa = PBXBuildFile; fileRef = 13BC017326A31CB800660205 /* SceneDelegate.swift */; };
		13BC017626A31CB800660205 /* ViewController.swift in Sources */ = {isa = PBXBuildFile; fileRef = 13BC017526A31CB800660205 /* ViewController.swift */; };
		13BC017926A31CB800660205 /* Main.storyboard in Resources */ = {isa = PBXBuildFile; fileRef = 13BC017726A31CB800660205 /* Main.storyboard */; };
		13BC017B26A31CB900660205 /* Assets.xcassets in Resources */ = {isa = PBXBuildFile; fileRef = 13BC017A26A31CB900660205 /* Assets.xcassets */; };
		13BC017E26A31CB900660205 /* LaunchScreen.storyboard in Resources */ = {isa = PBXBuildFile; fileRef = 13BC017C26A31CB900660205 /* LaunchScreen.storyboard */; };
		9EBD215CA02A86280F9A6BA4 /* Pods_CS_GB.framework in Frameworks */ = {isa = PBXBuildFile; fileRef = 17B13A5D72A8A75884ECCC84 /* Pods_CS_GB.framework */; };
/* End PBXBuildFile section */

/* Begin PBXFileReference section */
		13BC016E26A31CB800660205 /* CS_GB.app */ = {isa = PBXFileReference; explicitFileType = wrapper.application; includeInIndex = 0; path = CS_GB.app; sourceTree = BUILT_PRODUCTS_DIR; };
		13BC017126A31CB800660205 /* AppDelegate.swift */ = {isa = PBXFileReference; lastKnownFileType = sourcecode.swift; path = AppDelegate.swift; sourceTree = "<group>"; };
		13BC017326A31CB800660205 /* SceneDelegate.swift */ = {isa = PBXFileReference; lastKnownFileType = sourcecode.swift; path = SceneDelegate.swift; sourceTree = "<group>"; };
		13BC017526A31CB800660205 /* ViewController.swift */ = {isa = PBXFileReference; lastKnownFileType = sourcecode.swift; path = ViewController.swift; sourceTree = "<group>"; };
		13BC017826A31CB800660205 /* Base */ = {isa = PBXFileReference; lastKnownFileType = file.storyboard; name = Base; path = Base.lproj/Main.storyboard; sourceTree = "<group>"; };
		13BC017A26A31CB900660205 /* Assets.xcassets */ = {isa = PBXFileReference; lastKnownFileType = folder.assetcatalog; path = Assets.xcassets; sourceTree = "<group>"; };
		13BC017D26A31CB900660205 /* Base */ = {isa = PBXFileReference; lastKnownFileType = file.storyboard; name = Base; path = Base.lproj/LaunchScreen.storyboard; sourceTree = "<group>"; };
		13BC017F26A31CB900660205 /* Info.plist */ = {isa = PBXFileReference; lastKnownFileType = text.plist.xml; path = Info.plist; sourceTree = "<group>"; };
		17B13A5D72A8A75884ECCC84 /* Pods_CS_GB.framework */ = {isa = PBXFileReference; explicitFileType = wrapper.framework; includeInIndex = 0; path = Pods_CS_GB.framework; sourceTree = BUILT_PRODUCTS_DIR; };
		403C7147FEBF2D8A0B279D76 /* Pods-CS_GB.debug.xcconfig */ = {isa = PBXFileReference; includeInIndex = 1; lastKnownFileType = text.xcconfig; name = "Pods-CS_GB.debug.xcconfig"; path = "Target Support Files/Pods-CS_GB/Pods-CS_GB.debug.xcconfig"; sourceTree = "<group>"; };
		C15C000DE3239C431EA34746 /* Pods-CS_GB.release.xcconfig */ = {isa = PBXFileReference; includeInIndex = 1; lastKnownFileType = text.xcconfig; name = "Pods-CS_GB.release.xcconfig"; path = "Target Support Files/Pods-CS_GB/Pods-CS_GB.release.xcconfig"; sourceTree = "<group>"; };
/* End PBXFileReference section */

/* Begin PBXFrameworksBuildPhase section */
		13BC016B26A31CB800660205 /* Frameworks */ = {
			isa = PBXFrameworksBuildPhase;
			buildActionMask = 2147483647;
			files = (
				9EBD215CA02A86280F9A6BA4 /* Pods_CS_GB.framework in Frameworks */,
			);
			runOnlyForDeploymentPostprocessing = 0;
		};
/* End PBXFrameworksBuildPhase section */

/* Begin PBXGroup section */
		13BC016526A31CB800660205 = {
			isa = PBXGroup;
			children = (
				13BC017026A31CB800660205 /* CS_GB */,
				13BC016F26A31CB800660205 /* Products */,
				EEEE022CBFC5988618CA63CE /* Pods */,
				E49DF39A355325EC98C13C17 /* Frameworks */,
			);
			sourceTree = "<group>";
		};
		13BC016F26A31CB800660205 /* Products */ = {
			isa = PBXGroup;
			children = (
				13BC016E26A31CB800660205 /* CS_GB.app */,
			);
			name = Products;
			sourceTree = "<group>";
		};
		13BC017026A31CB800660205 /* CS_GB */ = {
			isa = PBXGroup;
			children = (
				13BC018626A31D0E00660205 /* HomeWork2 */,
				13BC017126A31CB800660205 /* AppDelegate.swift */,
				13BC017326A31CB800660205 /* SceneDelegate.swift */,
				13BC017526A31CB800660205 /* ViewController.swift */,
				13BC018526A31CD300660205 /* Resources */,
			);
			path = CS_GB;
			sourceTree = "<group>";
		};
		13BC018526A31CD300660205 /* Resources */ = {
			isa = PBXGroup;
			children = (
				13BC017A26A31CB900660205 /* Assets.xcassets */,
				13BC017726A31CB800660205 /* Main.storyboard */,
				13BC017C26A31CB900660205 /* LaunchScreen.storyboard */,
				13BC017F26A31CB900660205 /* Info.plist */,
			);
			path = Resources;
			sourceTree = "<group>";
		};
		13BC018626A31D0E00660205 /* HomeWork2 */ = {
			isa = PBXGroup;
			children = (
			);
			path = HomeWork2;
			sourceTree = "<group>";
		};
		E49DF39A355325EC98C13C17 /* Frameworks */ = {
			isa = PBXGroup;
			children = (
				17B13A5D72A8A75884ECCC84 /* Pods_CS_GB.framework */,
			);
			name = Frameworks;
			sourceTree = "<group>";
		};
		EEEE022CBFC5988618CA63CE /* Pods */ = {
			isa = PBXGroup;
			children = (
				403C7147FEBF2D8A0B279D76 /* Pods-CS_GB.debug.xcconfig */,
				C15C000DE3239C431EA34746 /* Pods-CS_GB.release.xcconfig */,
			);
			name = Pods;
			path = Pods;
			sourceTree = "<group>";
		};
/* End PBXGroup section */

/* Begin PBXNativeTarget section */
		13BC016D26A31CB800660205 /* CS_GB */ = {
			isa = PBXNativeTarget;
			buildConfigurationList = 13BC018226A31CB900660205 /* Build configuration list for PBXNativeTarget "CS_GB" */;
			buildPhases = (
				D0F4BD518E6A981305F03703 /* [CP] Check Pods Manifest.lock */,
				13BC016A26A31CB800660205 /* Sources */,
				13BC016B26A31CB800660205 /* Frameworks */,
				13BC016C26A31CB800660205 /* Resources */,
				063CBB97AD0DE3A9631DF5B4 /* [CP] Embed Pods Frameworks */,
			);
			buildRules = (
			);
			dependencies = (
			);
			name = CS_GB;
			productName = CS_GB;
			productReference = 13BC016E26A31CB800660205 /* CS_GB.app */;
			productType = "com.apple.product-type.application";
		};
/* End PBXNativeTarget section */

/* Begin PBXProject section */
		13BC016626A31CB800660205 /* Project object */ = {
			isa = PBXProject;
			attributes = {
				LastSwiftUpdateCheck = 1250;
				LastUpgradeCheck = 1250;
				TargetAttributes = {
					13BC016D26A31CB800660205 = {
						CreatedOnToolsVersion = 12.5.1;
					};
				};
			};
			buildConfigurationList = 13BC016926A31CB800660205 /* Build configuration list for PBXProject "CS_GB" */;
			compatibilityVersion = "Xcode 9.3";
			developmentRegion = en;
			hasScannedForEncodings = 0;
			knownRegions = (
				en,
				Base,
			);
			mainGroup = 13BC016526A31CB800660205;
			productRefGroup = 13BC016F26A31CB800660205 /* Products */;
			projectDirPath = "";
			projectRoot = "";
			targets = (
				13BC016D26A31CB800660205 /* CS_GB */,
			);
		};
/* End PBXProject section */

/* Begin PBXResourcesBuildPhase section */
		13BC016C26A31CB800660205 /* Resources */ = {
			isa = PBXResourcesBuildPhase;
			buildActionMask = 2147483647;
			files = (
				13BC017E26A31CB900660205 /* LaunchScreen.storyboard in Resources */,
				13BC017B26A31CB900660205 /* Assets.xcassets in Resources */,
				13BC017926A31CB800660205 /* Main.storyboard in Resources */,
			);
			runOnlyForDeploymentPostprocessing = 0;
		};
/* End PBXResourcesBuildPhase section */

/* Begin PBXShellScriptBuildPhase section */
		063CBB97AD0DE3A9631DF5B4 /* [CP] Embed Pods Frameworks */ = {
			isa = PBXShellScriptBuildPhase;
			buildActionMask = 2147483647;
			files = (
			);
			inputFileListPaths = (
				"${PODS_ROOT}/Target Support Files/Pods-CS_GB/Pods-CS_GB-frameworks-${CONFIGURATION}-input-files.xcfilelist",
			);
			name = "[CP] Embed Pods Frameworks";
			outputFileListPaths = (
				"${PODS_ROOT}/Target Support Files/Pods-CS_GB/Pods-CS_GB-frameworks-${CONFIGURATION}-output-files.xcfilelist",
			);
			runOnlyForDeploymentPostprocessing = 0;
			shellPath = /bin/sh;
			shellScript = "\"${PODS_ROOT}/Target Support Files/Pods-CS_GB/Pods-CS_GB-frameworks.sh\"\n";
			showEnvVarsInLog = 0;
		};
		D0F4BD518E6A981305F03703 /* [CP] Check Pods Manifest.lock */ = {
			isa = PBXShellScriptBuildPhase;
			buildActionMask = 2147483647;
			files = (
			);
			inputFileListPaths = (
			);
			inputPaths = (
				"${PODS_PODFILE_DIR_PATH}/Podfile.lock",
				"${PODS_ROOT}/Manifest.lock",
			);
			name = "[CP] Check Pods Manifest.lock";
			outputFileListPaths = (
			);
			outputPaths = (
				"$(DERIVED_FILE_DIR)/Pods-CS_GB-checkManifestLockResult.txt",
			);
			runOnlyForDeploymentPostprocessing = 0;
			shellPath = /bin/sh;
			shellScript = "diff \"${PODS_PODFILE_DIR_PATH}/Podfile.lock\" \"${PODS_ROOT}/Manifest.lock\" > /dev/null\nif [ $? != 0 ] ; then\n    # print error to STDERR\n    echo \"error: The sandbox is not in sync with the Podfile.lock. Run 'pod install' or update your CocoaPods installation.\" >&2\n    exit 1\nfi\n# This output is used by Xcode 'outputs' to avoid re-running this script phase.\necho \"SUCCESS\" > \"${SCRIPT_OUTPUT_FILE_0}\"\n";
			showEnvVarsInLog = 0;
		};
/* End PBXShellScriptBuildPhase section */

/* Begin PBXSourcesBuildPhase section */
		13BC016A26A31CB800660205 /* Sources */ = {
			isa = PBXSourcesBuildPhase;
			buildActionMask = 2147483647;
			files = (
				13BC017626A31CB800660205 /* ViewController.swift in Sources */,
				13BC017226A31CB800660205 /* AppDelegate.swift in Sources */,
				13BC017426A31CB800660205 /* SceneDelegate.swift in Sources */,
			);
			runOnlyForDeploymentPostprocessing = 0;
		};
/* End PBXSourcesBuildPhase section */

/* Begin PBXVariantGroup section */
		13BC017726A31CB800660205 /* Main.storyboard */ = {
			isa = PBXVariantGroup;
			children = (
				13BC017826A31CB800660205 /* Base */,
			);
			name = Main.storyboard;
			sourceTree = "<group>";
		};
		13BC017C26A31CB900660205 /* LaunchScreen.storyboard */ = {
			isa = PBXVariantGroup;
			children = (
				13BC017D26A31CB900660205 /* Base */,
			);
			name = LaunchScreen.storyboard;
			sourceTree = "<group>";
		};
/* End PBXVariantGroup section */

/* Begin XCBuildConfiguration section */
		13BC018026A31CB900660205 /* Debug */ = {
			isa = XCBuildConfiguration;
			buildSettings = {
				ALWAYS_SEARCH_USER_PATHS = NO;
				CLANG_ANALYZER_NONNULL = YES;
				CLANG_ANALYZER_NUMBER_OBJECT_CONVERSION = YES_AGGRESSIVE;
				CLANG_CXX_LANGUAGE_STANDARD = "gnu++14";
				CLANG_CXX_LIBRARY = "libc++";
				CLANG_ENABLE_MODULES = YES;
				CLANG_ENABLE_OBJC_ARC = YES;
				CLANG_ENABLE_OBJC_WEAK = YES;
				CLANG_WARN_BLOCK_CAPTURE_AUTORELEASING = YES;
				CLANG_WARN_BOOL_CONVERSION = YES;
				CLANG_WARN_COMMA = YES;
				CLANG_WARN_CONSTANT_CONVERSION = YES;
				CLANG_WARN_DEPRECATED_OBJC_IMPLEMENTATIONS = YES;
				CLANG_WARN_DIRECT_OBJC_ISA_USAGE = YES_ERROR;
				CLANG_WARN_DOCUMENTATION_COMMENTS = YES;
				CLANG_WARN_EMPTY_BODY = YES;
				CLANG_WARN_ENUM_CONVERSION = YES;
				CLANG_WARN_INFINITE_RECURSION = YES;
				CLANG_WARN_INT_CONVERSION = YES;
				CLANG_WARN_NON_LITERAL_NULL_CONVERSION = YES;
				CLANG_WARN_OBJC_IMPLICIT_RETAIN_SELF = YES;
				CLANG_WARN_OBJC_LITERAL_CONVERSION = YES;
				CLANG_WARN_OBJC_ROOT_CLASS = YES_ERROR;
				CLANG_WARN_QUOTED_INCLUDE_IN_FRAMEWORK_HEADER = YES;
				CLANG_WARN_RANGE_LOOP_ANALYSIS = YES;
				CLANG_WARN_STRICT_PROTOTYPES = YES;
				CLANG_WARN_SUSPICIOUS_MOVE = YES;
				CLANG_WARN_UNGUARDED_AVAILABILITY = YES_AGGRESSIVE;
				CLANG_WARN_UNREACHABLE_CODE = YES;
				CLANG_WARN__DUPLICATE_METHOD_MATCH = YES;
				COPY_PHASE_STRIP = NO;
				DEBUG_INFORMATION_FORMAT = dwarf;
				ENABLE_STRICT_OBJC_MSGSEND = YES;
				ENABLE_TESTABILITY = YES;
				GCC_C_LANGUAGE_STANDARD = gnu11;
				GCC_DYNAMIC_NO_PIC = NO;
				GCC_NO_COMMON_BLOCKS = YES;
				GCC_OPTIMIZATION_LEVEL = 0;
				GCC_PREPROCESSOR_DEFINITIONS = (
					"DEBUG=1",
					"$(inherited)",
				);
				GCC_WARN_64_TO_32_BIT_CONVERSION = YES;
				GCC_WARN_ABOUT_RETURN_TYPE = YES_ERROR;
				GCC_WARN_UNDECLARED_SELECTOR = YES;
				GCC_WARN_UNINITIALIZED_AUTOS = YES_AGGRESSIVE;
				GCC_WARN_UNUSED_FUNCTION = YES;
				GCC_WARN_UNUSED_VARIABLE = YES;
				IPHONEOS_DEPLOYMENT_TARGET = 14.5;
				MTL_ENABLE_DEBUG_INFO = INCLUDE_SOURCE;
				MTL_FAST_MATH = YES;
				ONLY_ACTIVE_ARCH = YES;
				SDKROOT = iphoneos;
				SWIFT_ACTIVE_COMPILATION_CONDITIONS = DEBUG;
				SWIFT_OPTIMIZATION_LEVEL = "-Onone";
			};
			name = Debug;
		};
		13BC018126A31CB900660205 /* Release */ = {
			isa = XCBuildConfiguration;
			buildSettings = {
				ALWAYS_SEARCH_USER_PATHS = NO;
				CLANG_ANALYZER_NONNULL = YES;
				CLANG_ANALYZER_NUMBER_OBJECT_CONVERSION = YES_AGGRESSIVE;
				CLANG_CXX_LANGUAGE_STANDARD = "gnu++14";
				CLANG_CXX_LIBRARY = "libc++";
				CLANG_ENABLE_MODULES = YES;
				CLANG_ENABLE_OBJC_ARC = YES;
				CLANG_ENABLE_OBJC_WEAK = YES;
				CLANG_WARN_BLOCK_CAPTURE_AUTORELEASING = YES;
				CLANG_WARN_BOOL_CONVERSION = YES;
				CLANG_WARN_COMMA = YES;
				CLANG_WARN_CONSTANT_CONVERSION = YES;
				CLANG_WARN_DEPRECATED_OBJC_IMPLEMENTATIONS = YES;
				CLANG_WARN_DIRECT_OBJC_ISA_USAGE = YES_ERROR;
				CLANG_WARN_DOCUMENTATION_COMMENTS = YES;
				CLANG_WARN_EMPTY_BODY = YES;
				CLANG_WARN_ENUM_CONVERSION = YES;
				CLANG_WARN_INFINITE_RECURSION = YES;
				CLANG_WARN_INT_CONVERSION = YES;
				CLANG_WARN_NON_LITERAL_NULL_CONVERSION = YES;
				CLANG_WARN_OBJC_IMPLICIT_RETAIN_SELF = YES;
				CLANG_WARN_OBJC_LITERAL_CONVERSION = YES;
				CLANG_WARN_OBJC_ROOT_CLASS = YES_ERROR;
				CLANG_WARN_QUOTED_INCLUDE_IN_FRAMEWORK_HEADER = YES;
				CLANG_WARN_RANGE_LOOP_ANALYSIS = YES;
				CLANG_WARN_STRICT_PROTOTYPES = YES;
				CLANG_WARN_SUSPICIOUS_MOVE = YES;
				CLANG_WARN_UNGUARDED_AVAILABILITY = YES_AGGRESSIVE;
				CLANG_WARN_UNREACHABLE_CODE = YES;
				CLANG_WARN__DUPLICATE_METHOD_MATCH = YES;
				COPY_PHASE_STRIP = NO;
				DEBUG_INFORMATION_FORMAT = "dwarf-with-dsym";
				ENABLE_NS_ASSERTIONS = NO;
				ENABLE_STRICT_OBJC_MSGSEND = YES;
				GCC_C_LANGUAGE_STANDARD = gnu11;
				GCC_NO_COMMON_BLOCKS = YES;
				GCC_WARN_64_TO_32_BIT_CONVERSION = YES;
				GCC_WARN_ABOUT_RETURN_TYPE = YES_ERROR;
				GCC_WARN_UNDECLARED_SELECTOR = YES;
				GCC_WARN_UNINITIALIZED_AUTOS = YES_AGGRESSIVE;
				GCC_WARN_UNUSED_FUNCTION = YES;
				GCC_WARN_UNUSED_VARIABLE = YES;
				IPHONEOS_DEPLOYMENT_TARGET = 14.5;
				MTL_ENABLE_DEBUG_INFO = NO;
				MTL_FAST_MATH = YES;
				SDKROOT = iphoneos;
				SWIFT_COMPILATION_MODE = wholemodule;
				SWIFT_OPTIMIZATION_LEVEL = "-O";
				VALIDATE_PRODUCT = YES;
			};
			name = Release;
		};
		13BC018326A31CB900660205 /* Debug */ = {
			isa = XCBuildConfiguration;
			baseConfigurationReference = 403C7147FEBF2D8A0B279D76 /* Pods-CS_GB.debug.xcconfig */;
			buildSettings = {
				ASSETCATALOG_COMPILER_APPICON_NAME = AppIcon;
				ASSETCATALOG_COMPILER_GLOBAL_ACCENT_COLOR_NAME = AccentColor;
				CODE_SIGN_STYLE = Automatic;
				DEVELOPMENT_TEAM = Q2UZN9CQD8;
				INFOPLIST_FILE = CS_GB/Resources/Info.plist;
				LD_RUNPATH_SEARCH_PATHS = (
					"$(inherited)",
					"@executable_path/Frameworks",
				);
				PRODUCT_BUNDLE_IDENTIFIER = "Gele0n-Inc..CS-GB";
				PRODUCT_NAME = "$(TARGET_NAME)";
				SWIFT_VERSION = 5.0;
				TARGETED_DEVICE_FAMILY = "1,2";
			};
			name = Debug;
		};
		13BC018426A31CB900660205 /* Release */ = {
			isa = XCBuildConfiguration;
			baseConfigurationReference = C15C000DE3239C431EA34746 /* Pods-CS_GB.release.xcconfig */;
			buildSettings = {
				ASSETCATALOG_COMPILER_APPICON_NAME = AppIcon;
				ASSETCATALOG_COMPILER_GLOBAL_ACCENT_COLOR_NAME = AccentColor;
				CODE_SIGN_STYLE = Automatic;
				DEVELOPMENT_TEAM = Q2UZN9CQD8;
				INFOPLIST_FILE = CS_GB/Resources/Info.plist;
				LD_RUNPATH_SEARCH_PATHS = (
					"$(inherited)",
					"@executable_path/Frameworks",
				);
				PRODUCT_BUNDLE_IDENTIFIER = "Gele0n-Inc..CS-GB";
				PRODUCT_NAME = "$(TARGET_NAME)";
				SWIFT_VERSION = 5.0;
				TARGETED_DEVICE_FAMILY = "1,2";
			};
			name = Release;
		};
/* End XCBuildConfiguration section */

/* Begin XCConfigurationList section */
		13BC016926A31CB800660205 /* Build configuration list for PBXProject "CS_GB" */ = {
			isa = XCConfigurationList;
			buildConfigurations = (
				13BC018026A31CB900660205 /* Debug */,
				13BC018126A31CB900660205 /* Release */,
			);
			defaultConfigurationIsVisible = 0;
			defaultConfigurationName = Release;
		};
		13BC018226A31CB900660205 /* Build configuration list for PBXNativeTarget "CS_GB" */ = {
			isa = XCConfigurationList;
			buildConfigurations = (
				13BC018326A31CB900660205 /* Debug */,
				13BC018426A31CB900660205 /* Release */,
			);
			defaultConfigurationIsVisible = 0;
			defaultConfigurationName = Release;
		};
/* End XCConfigurationList section */
	};
	rootObject = 13BC016626A31CB800660205 /* Project object */;
}
